
Microsoft Visual Studio Solution File, Format Version 12.00
# Visual Studio Version 16
VisualStudioVersion = 16.0.30804.86
MinimumVisualStudioVersion = 10.0.40219.1
Project("{FAE04EC0-301F-11D3-BF4B-00C04F79EFBC}") = "MyDictionary", "MyDictionary\MyDictionary.csproj", "{C377844D-B25B-4432-87DD-9D19B6D32A52}"
EndProject
Global
	GlobalSection(SolutionConfigurationPlatforms) = preSolution
		Debug|Any CPU = Debug|Any CPU
		Release|Any CPU = Release|Any CPU
	EndGlobalSection
	GlobalSection(ProjectConfigurationPlatforms) = postSolution
		{C377844D-B25B-4432-87DD-9D19B6D32A52}.Debug|Any CPU.ActiveCfg = Debug|Any CPU
		{C377844D-B25B-4432-87DD-9D19B6D32A52}.Debug|Any CPU.Build.0 = Debug|Any CPU
		{C377844D-B25B-4432-87DD-9D19B6D32A52}.Release|Any CPU.ActiveCfg = Release|Any CPU
		{C377844D-B25B-4432-87DD-9D19B6D32A52}.Release|Any CPU.Build.0 = Release|Any CPU
	EndGlobalSection
	GlobalSection(SolutionProperties) = preSolution
		HideSolutionNode = FALSE
	EndGlobalSection
	GlobalSection(ExtensibilityGlobals) = postSolution
		SolutionGuid = {C981E257-DB2D-46A2-A978-C9462529E704}
	EndGlobalSection
EndGlobal
