
Microsoft Visual Studio Solution File, Format Version 12.00
# Visual Studio Version 16
VisualStudioVersion = 16.0.30804.86
MinimumVisualStudioVersion = 10.0.40219.1
Project("{9A19103F-16F7-4668-BE54-9A1E7A4F7556}") = "Metotlar", "Metotlar\Metotlar.csproj", "{13374B83-AA6E-465A-98DE-FFF5B18FAEED}"
EndProject
Project("{9A19103F-16F7-4668-BE54-9A1E7A4F7556}") = "Matematik", "Matematik\Matematik.csproj", "{B872F0F0-719D-4BB9-8536-FB21778BAA3C}"
EndProject
Project("{9A19103F-16F7-4668-BE54-9A1E7A4F7556}") = "DegerVeReferansTipler", "DegerVeReferansTipler\DegerVeReferansTipler.csproj", "{9D361D71-B5C7-492C-8F53-33FFE6925758}"
EndProject
Project("{9A19103F-16F7-4668-BE54-9A1E7A4F7556}") = "OOP1", "OOP1\OOP1.csproj", "{BD909426-3CAA-4077-A51D-E55028D009AA}"
EndProject
Project("{9A19103F-16F7-4668-BE54-9A1E7A4F7556}") = "Koleksiyonlar", "Koleksiyonlar\Koleksiyonlar.csproj", "{1F4C0916-9341-4E8A-BD8B-9675AF1FE2BB}"
EndProject
Project("{9A19103F-16F7-4668-BE54-9A1E7A4F7556}") = "GenericsIntro", "GenericsIntro\GenericsIntro.csproj", "{E6EAF82D-C73D-4F03-9586-834A23738BE6}"
EndProject
Project("{9A19103F-16F7-4668-BE54-9A1E7A4F7556}") = "ConsoleMetotDemo", "ConsoleMetotDemo\ConsoleMetotDemo.csproj", "{E8A8C3EE-4ECD-42A1-9FA7-FC5CA61A60BF}"
EndProject
Project("{FAE04EC0-301F-11D3-BF4B-00C04F79EFBC}") = "OOP2", "OOP2\OOP2.csproj", "{1DAFADA7-5C45-43A2-93F0-071A61575E23}"
EndProject
Project("{FAE04EC0-301F-11D3-BF4B-00C04F79EFBC}") = "OOP3", "OOP3\OOP3.csproj", "{DA7FC581-EFF2-4C02-98FE-00B8639E50B8}"
EndProject
Global
	GlobalSection(SolutionConfigurationPlatforms) = preSolution
		Debug|Any CPU = Debug|Any CPU
		Release|Any CPU = Release|Any CPU
	EndGlobalSection
	GlobalSection(ProjectConfigurationPlatforms) = postSolution
		{13374B83-AA6E-465A-98DE-FFF5B18FAEED}.Debug|Any CPU.ActiveCfg = Debug|Any CPU
		{13374B83-AA6E-465A-98DE-FFF5B18FAEED}.Debug|Any CPU.Build.0 = Debug|Any CPU
		{13374B83-AA6E-465A-98DE-FFF5B18FAEED}.Release|Any CPU.ActiveCfg = Release|Any CPU
		{13374B83-AA6E-465A-98DE-FFF5B18FAEED}.Release|Any CPU.Build.0 = Release|Any CPU
		{B872F0F0-719D-4BB9-8536-FB21778BAA3C}.Debug|Any CPU.ActiveCfg = Debug|Any CPU
		{B872F0F0-719D-4BB9-8536-FB21778BAA3C}.Debug|Any CPU.Build.0 = Debug|Any CPU
		{B872F0F0-719D-4BB9-8536-FB21778BAA3C}.Release|Any CPU.ActiveCfg = Release|Any CPU
		{B872F0F0-719D-4BB9-8536-FB21778BAA3C}.Release|Any CPU.Build.0 = Release|Any CPU
		{9D361D71-B5C7-492C-8F53-33FFE6925758}.Debug|Any CPU.ActiveCfg = Debug|Any CPU
		{9D361D71-B5C7-492C-8F53-33FFE6925758}.Debug|Any CPU.Build.0 = Debug|Any CPU
		{9D361D71-B5C7-492C-8F53-33FFE6925758}.Release|Any CPU.ActiveCfg = Release|Any CPU
		{9D361D71-B5C7-492C-8F53-33FFE6925758}.Release|Any CPU.Build.0 = Release|Any CPU
		{BD909426-3CAA-4077-A51D-E55028D009AA}.Debug|Any CPU.ActiveCfg = Debug|Any CPU
		{BD909426-3CAA-4077-A51D-E55028D009AA}.Debug|Any CPU.Build.0 = Debug|Any CPU
		{BD909426-3CAA-4077-A51D-E55028D009AA}.Release|Any CPU.ActiveCfg = Release|Any CPU
		{BD909426-3CAA-4077-A51D-E55028D009AA}.Release|Any CPU.Build.0 = Release|Any CPU
		{1F4C0916-9341-4E8A-BD8B-9675AF1FE2BB}.Debug|Any CPU.ActiveCfg = Debug|Any CPU
		{1F4C0916-9341-4E8A-BD8B-9675AF1FE2BB}.Debug|Any CPU.Build.0 = Debug|Any CPU
		{1F4C0916-9341-4E8A-BD8B-9675AF1FE2BB}.Release|Any CPU.ActiveCfg = Release|Any CPU
		{1F4C0916-9341-4E8A-BD8B-9675AF1FE2BB}.Release|Any CPU.Build.0 = Release|Any CPU
		{E6EAF82D-C73D-4F03-9586-834A23738BE6}.Debug|Any CPU.ActiveCfg = Debug|Any CPU
		{E6EAF82D-C73D-4F03-9586-834A23738BE6}.Debug|Any CPU.Build.0 = Debug|Any CPU
		{E6EAF82D-C73D-4F03-9586-834A23738BE6}.Release|Any CPU.ActiveCfg = Release|Any CPU
		{E6EAF82D-C73D-4F03-9586-834A23738BE6}.Release|Any CPU.Build.0 = Release|Any CPU
		{E8A8C3EE-4ECD-42A1-9FA7-FC5CA61A60BF}.Debug|Any CPU.ActiveCfg = Debug|Any CPU
		{E8A8C3EE-4ECD-42A1-9FA7-FC5CA61A60BF}.Debug|Any CPU.Build.0 = Debug|Any CPU
		{E8A8C3EE-4ECD-42A1-9FA7-FC5CA61A60BF}.Release|Any CPU.ActiveCfg = Release|Any CPU
		{E8A8C3EE-4ECD-42A1-9FA7-FC5CA61A60BF}.Release|Any CPU.Build.0 = Release|Any CPU
		{1DAFADA7-5C45-43A2-93F0-071A61575E23}.Debug|Any CPU.ActiveCfg = Debug|Any CPU
		{1DAFADA7-5C45-43A2-93F0-071A61575E23}.Debug|Any CPU.Build.0 = Debug|Any CPU
		{1DAFADA7-5C45-43A2-93F0-071A61575E23}.Release|Any CPU.ActiveCfg = Release|Any CPU
		{1DAFADA7-5C45-43A2-93F0-071A61575E23}.Release|Any CPU.Build.0 = Release|Any CPU
		{DA7FC581-EFF2-4C02-98FE-00B8639E50B8}.Debug|Any CPU.ActiveCfg = Debug|Any CPU
		{DA7FC581-EFF2-4C02-98FE-00B8639E50B8}.Debug|Any CPU.Build.0 = Debug|Any CPU
		{DA7FC581-EFF2-4C02-98FE-00B8639E50B8}.Release|Any CPU.ActiveCfg = Release|Any CPU
		{DA7FC581-EFF2-4C02-98FE-00B8639E50B8}.Release|Any CPU.Build.0 = Release|Any CPU
	EndGlobalSection
	GlobalSection(SolutionProperties) = preSolution
		HideSolutionNode = FALSE
	EndGlobalSection
	GlobalSection(ExtensibilityGlobals) = postSolution
		SolutionGuid = {DD1174A1-FC38-47E2-86ED-F806E5D8BE14}
	EndGlobalSection
EndGlobal
